// !$*UTF8*$!
{
	archiveVersion = 1;
	classes = {
	};
	objectVersion = 50;
	objects = {

/* Begin PBXBuildFile section */
		46300925268D498A004D9C95 /* AppDelegate.swift in Sources */ = {isa = PBXBuildFile; fileRef = 46300924268D498A004D9C95 /* AppDelegate.swift */; };
		46300927268D498A004D9C95 /* SceneDelegate.swift in Sources */ = {isa = PBXBuildFile; fileRef = 46300926268D498A004D9C95 /* SceneDelegate.swift */; };
		4630092C268D498A004D9C95 /* Main.storyboard in Resources */ = {isa = PBXBuildFile; fileRef = 4630092A268D498A004D9C95 /* Main.storyboard */; };
		4630092E268D498D004D9C95 /* Assets.xcassets in Resources */ = {isa = PBXBuildFile; fileRef = 4630092D268D498D004D9C95 /* Assets.xcassets */; };
		46300931268D498D004D9C95 /* LaunchScreen.storyboard in Resources */ = {isa = PBXBuildFile; fileRef = 4630092F268D498D004D9C95 /* LaunchScreen.storyboard */; };
		46319019269DBFC5008D7928 /* GameConfig.swift in Sources */ = {isa = PBXBuildFile; fileRef = 46319018269DBFC5008D7928 /* GameConfig.swift */; };
		4631901B269DBFF0008D7928 /* StandardStrings.swift in Sources */ = {isa = PBXBuildFile; fileRef = 4631901A269DBFF0008D7928 /* StandardStrings.swift */; };
		4631901E269DCE49008D7928 /* SecretDictator.storyboard in Resources */ = {isa = PBXBuildFile; fileRef = 4631901D269DCE49008D7928 /* SecretDictator.storyboard */; };
		46319020269DCEB1008D7928 /* SecretDictator.swift in Sources */ = {isa = PBXBuildFile; fileRef = 4631901F269DCEB1008D7928 /* SecretDictator.swift */; };
		4631902426A1B784008D7928 /* StartHostViewController.swift in Sources */ = {isa = PBXBuildFile; fileRef = 4631902326A1B784008D7928 /* StartHostViewController.swift */; };
		4631902726A1BD47008D7928 /* UserDefaultConfig.swift in Sources */ = {isa = PBXBuildFile; fileRef = 4631902626A1BD47008D7928 /* UserDefaultConfig.swift */; };
		4631902926A29015008D7928 /* TypeAliasConfig.swift in Sources */ = {isa = PBXBuildFile; fileRef = 4631902826A29015008D7928 /* TypeAliasConfig.swift */; };
		4631902B26A29B29008D7928 /* Connectivity Constants.swift in Sources */ = {isa = PBXBuildFile; fileRef = 4631902A26A29B29008D7928 /* Connectivity Constants.swift */; };
		4631903026A31FA5008D7928 /* SecretDictatorHostViewController.swift in Sources */ = {isa = PBXBuildFile; fileRef = 4631902F26A31FA5008D7928 /* SecretDictatorHostViewController.swift */; };
		4631903226A31FFC008D7928 /* SecretDictatorPersonalViewController.swift in Sources */ = {isa = PBXBuildFile; fileRef = 4631903126A31FFC008D7928 /* SecretDictatorPersonalViewController.swift */; };
		465D909026D13D9B0094C307 /* Int + Utilities.swift in Sources */ = {isa = PBXBuildFile; fileRef = 465D908F26D13D9B0094C307 /* Int + Utilities.swift */; };
		465D909226D226E60094C307 /* SecretDictatorTabBarController.swift in Sources */ = {isa = PBXBuildFile; fileRef = 465D909126D226E60094C307 /* SecretDictatorTabBarController.swift */; };
		4673CBE52699BB2D00F15D25 /* Theme.swift in Sources */ = {isa = PBXBuildFile; fileRef = 4673CBE42699BB2D00F15D25 /* Theme.swift */; };
		4673CBEA2699CEA500F15D25 /* MainViewController.swift in Sources */ = {isa = PBXBuildFile; fileRef = 4673CBE92699CEA500F15D25 /* MainViewController.swift */; };
		4673CBEF2699CFCE00F15D25 /* GameShortDescriptionCollectionViewCell.xib in Resources */ = {isa = PBXBuildFile; fileRef = 4673CBEE2699CFCE00F15D25 /* GameShortDescriptionCollectionViewCell.xib */; };
		4673CBF22699CFE900F15D25 /* GameShortDescriptionTableViewCell.swift in Sources */ = {isa = PBXBuildFile; fileRef = 4673CBF12699CFE900F15D25 /* GameShortDescriptionTableViewCell.swift */; };
		4673CBF52699D00400F15D25 /* UI Constants.swift in Sources */ = {isa = PBXBuildFile; fileRef = 4673CBF42699D00300F15D25 /* UI Constants.swift */; };
		5BE54A8175D3CB56B78EFA39 /* libPods-Logames.a in Frameworks */ = {isa = PBXBuildFile; fileRef = 2E069E5DF49415DA16D2B643 /* libPods-Logames.a */; };
/* End PBXBuildFile section */

/* Begin PBXFileReference section */
		2D7B3FBBF0727A21C9FD390D /* Pods-Logames.debug.xcconfig */ = {isa = PBXFileReference; includeInIndex = 1; lastKnownFileType = text.xcconfig; name = "Pods-Logames.debug.xcconfig"; path = "Target Support Files/Pods-Logames/Pods-Logames.debug.xcconfig"; sourceTree = "<group>"; };
		2E069E5DF49415DA16D2B643 /* libPods-Logames.a */ = {isa = PBXFileReference; explicitFileType = archive.ar; includeInIndex = 0; path = "libPods-Logames.a"; sourceTree = BUILT_PRODUCTS_DIR; };
		46300921268D498A004D9C95 /* Logames.app */ = {isa = PBXFileReference; explicitFileType = wrapper.application; includeInIndex = 0; path = Logames.app; sourceTree = BUILT_PRODUCTS_DIR; };
		46300924268D498A004D9C95 /* AppDelegate.swift */ = {isa = PBXFileReference; lastKnownFileType = sourcecode.swift; path = AppDelegate.swift; sourceTree = "<group>"; };
		46300926268D498A004D9C95 /* SceneDelegate.swift */ = {isa = PBXFileReference; lastKnownFileType = sourcecode.swift; path = SceneDelegate.swift; sourceTree = "<group>"; };
		4630092B268D498A004D9C95 /* Base */ = {isa = PBXFileReference; lastKnownFileType = file.storyboard; name = Base; path = Base.lproj/Main.storyboard; sourceTree = "<group>"; };
		4630092D268D498D004D9C95 /* Assets.xcassets */ = {isa = PBXFileReference; lastKnownFileType = folder.assetcatalog; path = Assets.xcassets; sourceTree = "<group>"; };
		46300930268D498D004D9C95 /* Base */ = {isa = PBXFileReference; lastKnownFileType = file.storyboard; name = Base; path = Base.lproj/LaunchScreen.storyboard; sourceTree = "<group>"; };
		46300932268D498D004D9C95 /* Info.plist */ = {isa = PBXFileReference; lastKnownFileType = text.plist.xml; path = Info.plist; sourceTree = "<group>"; };
		46319018269DBFC5008D7928 /* GameConfig.swift */ = {isa = PBXFileReference; lastKnownFileType = sourcecode.swift; path = GameConfig.swift; sourceTree = "<group>"; };
		4631901A269DBFF0008D7928 /* StandardStrings.swift */ = {isa = PBXFileReference; lastKnownFileType = sourcecode.swift; path = StandardStrings.swift; sourceTree = "<group>"; };
		4631901D269DCE49008D7928 /* SecretDictator.storyboard */ = {isa = PBXFileReference; lastKnownFileType = file.storyboard; path = SecretDictator.storyboard; sourceTree = "<group>"; };
		4631901F269DCEB1008D7928 /* SecretDictator.swift */ = {isa = PBXFileReference; lastKnownFileType = sourcecode.swift; path = SecretDictator.swift; sourceTree = "<group>"; };
		4631902326A1B784008D7928 /* StartHostViewController.swift */ = {isa = PBXFileReference; lastKnownFileType = sourcecode.swift; path = StartHostViewController.swift; sourceTree = "<group>"; };
		4631902626A1BD47008D7928 /* UserDefaultConfig.swift */ = {isa = PBXFileReference; lastKnownFileType = sourcecode.swift; path = UserDefaultConfig.swift; sourceTree = "<group>"; };
		4631902826A29015008D7928 /* TypeAliasConfig.swift */ = {isa = PBXFileReference; lastKnownFileType = sourcecode.swift; path = TypeAliasConfig.swift; sourceTree = "<group>"; };
		4631902A26A29B29008D7928 /* Connectivity Constants.swift */ = {isa = PBXFileReference; lastKnownFileType = sourcecode.swift; path = "Connectivity Constants.swift"; sourceTree = "<group>"; };
		4631902F26A31FA5008D7928 /* SecretDictatorHostViewController.swift */ = {isa = PBXFileReference; lastKnownFileType = sourcecode.swift; path = SecretDictatorHostViewController.swift; sourceTree = "<group>"; };
		4631903126A31FFC008D7928 /* SecretDictatorPersonalViewController.swift */ = {isa = PBXFileReference; lastKnownFileType = sourcecode.swift; path = SecretDictatorPersonalViewController.swift; sourceTree = "<group>"; };
		465D908F26D13D9B0094C307 /* Int + Utilities.swift */ = {isa = PBXFileReference; lastKnownFileType = sourcecode.swift; path = "Int + Utilities.swift"; sourceTree = "<group>"; };
		465D909126D226E60094C307 /* SecretDictatorTabBarController.swift */ = {isa = PBXFileReference; lastKnownFileType = sourcecode.swift; path = SecretDictatorTabBarController.swift; sourceTree = "<group>"; };
		4673CBE42699BB2D00F15D25 /* Theme.swift */ = {isa = PBXFileReference; fileEncoding = 4; lastKnownFileType = sourcecode.swift; path = Theme.swift; sourceTree = "<group>"; };
		4673CBE92699CEA500F15D25 /* MainViewController.swift */ = {isa = PBXFileReference; lastKnownFileType = sourcecode.swift; path = MainViewController.swift; sourceTree = "<group>"; };
		4673CBEE2699CFCE00F15D25 /* GameShortDescriptionCollectionViewCell.xib */ = {isa = PBXFileReference; lastKnownFileType = file.xib; path = GameShortDescriptionCollectionViewCell.xib; sourceTree = "<group>"; };
		4673CBF12699CFE900F15D25 /* GameShortDescriptionTableViewCell.swift */ = {isa = PBXFileReference; lastKnownFileType = sourcecode.swift; path = GameShortDescriptionTableViewCell.swift; sourceTree = "<group>"; };
		4673CBF42699D00300F15D25 /* UI Constants.swift */ = {isa = PBXFileReference; lastKnownFileType = sourcecode.swift; path = "UI Constants.swift"; sourceTree = "<group>"; };
		D17EBC94F5013CD9095511DB /* Pods-Logames.release.xcconfig */ = {isa = PBXFileReference; includeInIndex = 1; lastKnownFileType = text.xcconfig; name = "Pods-Logames.release.xcconfig"; path = "Target Support Files/Pods-Logames/Pods-Logames.release.xcconfig"; sourceTree = "<group>"; };
/* End PBXFileReference section */

/* Begin PBXFrameworksBuildPhase section */
		4630091E268D498A004D9C95 /* Frameworks */ = {
			isa = PBXFrameworksBuildPhase;
			buildActionMask = 2147483647;
			files = (
				5BE54A8175D3CB56B78EFA39 /* libPods-Logames.a in Frameworks */,
			);
			runOnlyForDeploymentPostprocessing = 0;
		};
/* End PBXFrameworksBuildPhase section */

/* Begin PBXGroup section */
		46300918268D498A004D9C95 = {
			isa = PBXGroup;
			children = (
				46300923268D498A004D9C95 /* Logames */,
				46300922268D498A004D9C95 /* Products */,
				9938E5048330618E77325913 /* Pods */,
				A99C9A59245F0523280FD932 /* Frameworks */,
			);
			sourceTree = "<group>";
		};
		46300922268D498A004D9C95 /* Products */ = {
			isa = PBXGroup;
			children = (
				46300921268D498A004D9C95 /* Logames.app */,
			);
			name = Products;
			sourceTree = "<group>";
		};
		46300923268D498A004D9C95 /* Logames */ = {
			isa = PBXGroup;
			children = (
				46300924268D498A004D9C95 /* AppDelegate.swift */,
				46300926268D498A004D9C95 /* SceneDelegate.swift */,
				46319017269DBFAB008D7928 /* Game */,
				4673CBE82699CE8000F15D25 /* Main UI */,
				4631902526A1BD04008D7928 /* Helpers */,
				4673CBE02699BB1200F15D25 /* Constants */,
				4630092D268D498D004D9C95 /* Assets.xcassets */,
				4630092F268D498D004D9C95 /* LaunchScreen.storyboard */,
				46300932268D498D004D9C95 /* Info.plist */,
			);
			path = Logames;
			sourceTree = "<group>";
		};
		46319017269DBFAB008D7928 /* Game */ = {
			isa = PBXGroup;
			children = (
				46319018269DBFC5008D7928 /* GameConfig.swift */,
				4631901C269DCE34008D7928 /* SecretDictator */,
			);
			path = Game;
			sourceTree = "<group>";
		};
		4631901C269DCE34008D7928 /* SecretDictator */ = {
			isa = PBXGroup;
			children = (
				4631901F269DCEB1008D7928 /* SecretDictator.swift */,
				4631902E26A31F6B008D7928 /* UI */,
			);
			path = SecretDictator;
			sourceTree = "<group>";
		};
		4631902526A1BD04008D7928 /* Helpers */ = {
			isa = PBXGroup;
			children = (
				4631902626A1BD47008D7928 /* UserDefaultConfig.swift */,
				4631902826A29015008D7928 /* TypeAliasConfig.swift */,
				465D908F26D13D9B0094C307 /* Int + Utilities.swift */,
			);
			path = Helpers;
			sourceTree = "<group>";
		};
		4631902E26A31F6B008D7928 /* UI */ = {
			isa = PBXGroup;
			children = (
				4631901D269DCE49008D7928 /* SecretDictator.storyboard */,
				465D909126D226E60094C307 /* SecretDictatorTabBarController.swift */,
				4631902F26A31FA5008D7928 /* SecretDictatorHostViewController.swift */,
				4631903126A31FFC008D7928 /* SecretDictatorPersonalViewController.swift */,
			);
			path = UI;
			sourceTree = "<group>";
		};
		4673CBE02699BB1200F15D25 /* Constants */ = {
			isa = PBXGroup;
			children = (
				4673CBE42699BB2D00F15D25 /* Theme.swift */,
				4673CBF42699D00300F15D25 /* UI Constants.swift */,
				4631901A269DBFF0008D7928 /* StandardStrings.swift */,
				4631902A26A29B29008D7928 /* Connectivity Constants.swift */,
			);
			path = Constants;
			sourceTree = "<group>";
		};
		4673CBE82699CE8000F15D25 /* Main UI */ = {
			isa = PBXGroup;
			children = (
				4673CBED2699CF3600F15D25 /* Table View Cells */,
				4630092A268D498A004D9C95 /* Main.storyboard */,
				4673CBE92699CEA500F15D25 /* MainViewController.swift */,
				4631902326A1B784008D7928 /* StartHostViewController.swift */,
			);
			path = "Main UI";
			sourceTree = "<group>";
		};
		4673CBED2699CF3600F15D25 /* Table View Cells */ = {
			isa = PBXGroup;
			children = (
				4673CBEE2699CFCE00F15D25 /* GameShortDescriptionCollectionViewCell.xib */,
				4673CBF12699CFE900F15D25 /* GameShortDescriptionTableViewCell.swift */,
			);
			path = "Table View Cells";
			sourceTree = "<group>";
		};
		9938E5048330618E77325913 /* Pods */ = {
			isa = PBXGroup;
			children = (
				2D7B3FBBF0727A21C9FD390D /* Pods-Logames.debug.xcconfig */,
				D17EBC94F5013CD9095511DB /* Pods-Logames.release.xcconfig */,
			);
			path = Pods;
			sourceTree = "<group>";
		};
		A99C9A59245F0523280FD932 /* Frameworks */ = {
			isa = PBXGroup;
			children = (
				2E069E5DF49415DA16D2B643 /* libPods-Logames.a */,
			);
			name = Frameworks;
			sourceTree = "<group>";
		};
/* End PBXGroup section */

/* Begin PBXNativeTarget section */
		46300920268D498A004D9C95 /* Logames */ = {
			isa = PBXNativeTarget;
			buildConfigurationList = 46300935268D498D004D9C95 /* Build configuration list for PBXNativeTarget "Logames" */;
			buildPhases = (
				EF25AD387C244CD9645D8CAE /* [CP] Check Pods Manifest.lock */,
				4630091D268D498A004D9C95 /* Sources */,
				4630091E268D498A004D9C95 /* Frameworks */,
				4630091F268D498A004D9C95 /* Resources */,
			);
			buildRules = (
			);
			dependencies = (
			);
			name = Logames;
			productName = Logames;
			productReference = 46300921268D498A004D9C95 /* Logames.app */;
			productType = "com.apple.product-type.application";
		};
/* End PBXNativeTarget section */

/* Begin PBXProject section */
		46300919268D498A004D9C95 /* Project object */ = {
			isa = PBXProject;
			attributes = {
				LastSwiftUpdateCheck = 1250;
				LastUpgradeCheck = 1250;
				TargetAttributes = {
					46300920268D498A004D9C95 = {
						CreatedOnToolsVersion = 12.5.1;
					};
				};
			};
			buildConfigurationList = 4630091C268D498A004D9C95 /* Build configuration list for PBXProject "Logames" */;
			compatibilityVersion = "Xcode 9.3";
			developmentRegion = en;
			hasScannedForEncodings = 0;
			knownRegions = (
				en,
				Base,
			);
			mainGroup = 46300918268D498A004D9C95;
			productRefGroup = 46300922268D498A004D9C95 /* Products */;
			projectDirPath = "";
			projectRoot = "";
			targets = (
				46300920268D498A004D9C95 /* Logames */,
			);
		};
/* End PBXProject section */

/* Begin PBXResourcesBuildPhase section */
		4630091F268D498A004D9C95 /* Resources */ = {
			isa = PBXResourcesBuildPhase;
			buildActionMask = 2147483647;
			files = (
				46300931268D498D004D9C95 /* LaunchScreen.storyboard in Resources */,
				4631901E269DCE49008D7928 /* SecretDictator.storyboard in Resources */,
				4630092E268D498D004D9C95 /* Assets.xcassets in Resources */,
				4630092C268D498A004D9C95 /* Main.storyboard in Resources */,
				4673CBEF2699CFCE00F15D25 /* GameShortDescriptionCollectionViewCell.xib in Resources */,
			);
			runOnlyForDeploymentPostprocessing = 0;
		};
/* End PBXResourcesBuildPhase section */

/* Begin PBXShellScriptBuildPhase section */
		EF25AD387C244CD9645D8CAE /* [CP] Check Pods Manifest.lock */ = {
			isa = PBXShellScriptBuildPhase;
			buildActionMask = 2147483647;
			files = (
			);
			inputFileListPaths = (
			);
			inputPaths = (
				"${PODS_PODFILE_DIR_PATH}/Podfile.lock",
				"${PODS_ROOT}/Manifest.lock",
			);
			name = "[CP] Check Pods Manifest.lock";
			outputFileListPaths = (
			);
			outputPaths = (
				"$(DERIVED_FILE_DIR)/Pods-Logames-checkManifestLockResult.txt",
			);
			runOnlyForDeploymentPostprocessing = 0;
			shellPath = /bin/sh;
			shellScript = "diff \"${PODS_PODFILE_DIR_PATH}/Podfile.lock\" \"${PODS_ROOT}/Manifest.lock\" > /dev/null\nif [ $? != 0 ] ; then\n    # print error to STDERR\n    echo \"error: The sandbox is not in sync with the Podfile.lock. Run 'pod install' or update your CocoaPods installation.\" >&2\n    exit 1\nfi\n# This output is used by Xcode 'outputs' to avoid re-running this script phase.\necho \"SUCCESS\" > \"${SCRIPT_OUTPUT_FILE_0}\"\n";
			showEnvVarsInLog = 0;
		};
/* End PBXShellScriptBuildPhase section */

/* Begin PBXSourcesBuildPhase section */
		4630091D268D498A004D9C95 /* Sources */ = {
			isa = PBXSourcesBuildPhase;
			buildActionMask = 2147483647;
			files = (
				4631902726A1BD47008D7928 /* UserDefaultConfig.swift in Sources */,
				4631902B26A29B29008D7928 /* Connectivity Constants.swift in Sources */,
				465D909026D13D9B0094C307 /* Int + Utilities.swift in Sources */,
				4631903026A31FA5008D7928 /* SecretDictatorHostViewController.swift in Sources */,
				4673CBE52699BB2D00F15D25 /* Theme.swift in Sources */,
				46300925268D498A004D9C95 /* AppDelegate.swift in Sources */,
				465D909226D226E60094C307 /* SecretDictatorTabBarController.swift in Sources */,
				46319019269DBFC5008D7928 /* GameConfig.swift in Sources */,
				46319020269DCEB1008D7928 /* SecretDictator.swift in Sources */,
				4631901B269DBFF0008D7928 /* StandardStrings.swift in Sources */,
				4631903226A31FFC008D7928 /* SecretDictatorPersonalViewController.swift in Sources */,
				4673CBF52699D00400F15D25 /* UI Constants.swift in Sources */,
				4631902426A1B784008D7928 /* StartHostViewController.swift in Sources */,
				46300927268D498A004D9C95 /* SceneDelegate.swift in Sources */,
				4673CBF22699CFE900F15D25 /* GameShortDescriptionTableViewCell.swift in Sources */,
				4631902926A29015008D7928 /* TypeAliasConfig.swift in Sources */,
				4673CBEA2699CEA500F15D25 /* MainViewController.swift in Sources */,
			);
			runOnlyForDeploymentPostprocessing = 0;
		};
/* End PBXSourcesBuildPhase section */

/* Begin PBXVariantGroup section */
		4630092A268D498A004D9C95 /* Main.storyboard */ = {
			isa = PBXVariantGroup;
			children = (
				4630092B268D498A004D9C95 /* Base */,
			);
			name = Main.storyboard;
			sourceTree = "<group>";
		};
		4630092F268D498D004D9C95 /* LaunchScreen.storyboard */ = {
			isa = PBXVariantGroup;
			children = (
				46300930268D498D004D9C95 /* Base */,
			);
			name = LaunchScreen.storyboard;
			sourceTree = "<group>";
		};
/* End PBXVariantGroup section */

/* Begin XCBuildConfiguration section */
		46300933268D498D004D9C95 /* Debug */ = {
			isa = XCBuildConfiguration;
			buildSettings = {
				ALWAYS_SEARCH_USER_PATHS = NO;
				CLANG_ANALYZER_NONNULL = YES;
				CLANG_ANALYZER_NUMBER_OBJECT_CONVERSION = YES_AGGRESSIVE;
				CLANG_CXX_LANGUAGE_STANDARD = "gnu++14";
				CLANG_CXX_LIBRARY = "libc++";
				CLANG_ENABLE_MODULES = YES;
				CLANG_ENABLE_OBJC_ARC = YES;
				CLANG_ENABLE_OBJC_WEAK = YES;
				CLANG_WARN_BLOCK_CAPTURE_AUTORELEASING = YES;
				CLANG_WARN_BOOL_CONVERSION = YES;
				CLANG_WARN_COMMA = YES;
				CLANG_WARN_CONSTANT_CONVERSION = YES;
				CLANG_WARN_DEPRECATED_OBJC_IMPLEMENTATIONS = YES;
				CLANG_WARN_DIRECT_OBJC_ISA_USAGE = YES_ERROR;
				CLANG_WARN_DOCUMENTATION_COMMENTS = YES;
				CLANG_WARN_EMPTY_BODY = YES;
				CLANG_WARN_ENUM_CONVERSION = YES;
				CLANG_WARN_INFINITE_RECURSION = YES;
				CLANG_WARN_INT_CONVERSION = YES;
				CLANG_WARN_NON_LITERAL_NULL_CONVERSION = YES;
				CLANG_WARN_OBJC_IMPLICIT_RETAIN_SELF = YES;
				CLANG_WARN_OBJC_LITERAL_CONVERSION = YES;
				CLANG_WARN_OBJC_ROOT_CLASS = YES_ERROR;
				CLANG_WARN_QUOTED_INCLUDE_IN_FRAMEWORK_HEADER = YES;
				CLANG_WARN_RANGE_LOOP_ANALYSIS = YES;
				CLANG_WARN_STRICT_PROTOTYPES = YES;
				CLANG_WARN_SUSPICIOUS_MOVE = YES;
				CLANG_WARN_UNGUARDED_AVAILABILITY = YES_AGGRESSIVE;
				CLANG_WARN_UNREACHABLE_CODE = YES;
				CLANG_WARN__DUPLICATE_METHOD_MATCH = YES;
				COPY_PHASE_STRIP = NO;
				DEBUG_INFORMATION_FORMAT = dwarf;
				ENABLE_STRICT_OBJC_MSGSEND = YES;
				ENABLE_TESTABILITY = YES;
				GCC_C_LANGUAGE_STANDARD = gnu11;
				GCC_DYNAMIC_NO_PIC = NO;
				GCC_NO_COMMON_BLOCKS = YES;
				GCC_OPTIMIZATION_LEVEL = 0;
				GCC_PREPROCESSOR_DEFINITIONS = (
					"DEBUG=1",
					"$(inherited)",
				);
				GCC_WARN_64_TO_32_BIT_CONVERSION = YES;
				GCC_WARN_ABOUT_RETURN_TYPE = YES_ERROR;
				GCC_WARN_UNDECLARED_SELECTOR = YES;
				GCC_WARN_UNINITIALIZED_AUTOS = YES_AGGRESSIVE;
				GCC_WARN_UNUSED_FUNCTION = YES;
				GCC_WARN_UNUSED_VARIABLE = YES;
				IPHONEOS_DEPLOYMENT_TARGET = 14.5;
				MTL_ENABLE_DEBUG_INFO = INCLUDE_SOURCE;
				MTL_FAST_MATH = YES;
				ONLY_ACTIVE_ARCH = YES;
				SDKROOT = iphoneos;
				SWIFT_ACTIVE_COMPILATION_CONDITIONS = DEBUG;
				SWIFT_OPTIMIZATION_LEVEL = "-Onone";
			};
			name = Debug;
		};
		46300934268D498D004D9C95 /* Release */ = {
			isa = XCBuildConfiguration;
			buildSettings = {
				ALWAYS_SEARCH_USER_PATHS = NO;
				CLANG_ANALYZER_NONNULL = YES;
				CLANG_ANALYZER_NUMBER_OBJECT_CONVERSION = YES_AGGRESSIVE;
				CLANG_CXX_LANGUAGE_STANDARD = "gnu++14";
				CLANG_CXX_LIBRARY = "libc++";
				CLANG_ENABLE_MODULES = YES;
				CLANG_ENABLE_OBJC_ARC = YES;
				CLANG_ENABLE_OBJC_WEAK = YES;
				CLANG_WARN_BLOCK_CAPTURE_AUTORELEASING = YES;
				CLANG_WARN_BOOL_CONVERSION = YES;
				CLANG_WARN_COMMA = YES;
				CLANG_WARN_CONSTANT_CONVERSION = YES;
				CLANG_WARN_DEPRECATED_OBJC_IMPLEMENTATIONS = YES;
				CLANG_WARN_DIRECT_OBJC_ISA_USAGE = YES_ERROR;
				CLANG_WARN_DOCUMENTATION_COMMENTS = YES;
				CLANG_WARN_EMPTY_BODY = YES;
				CLANG_WARN_ENUM_CONVERSION = YES;
				CLANG_WARN_INFINITE_RECURSION = YES;
				CLANG_WARN_INT_CONVERSION = YES;
				CLANG_WARN_NON_LITERAL_NULL_CONVERSION = YES;
				CLANG_WARN_OBJC_IMPLICIT_RETAIN_SELF = YES;
				CLANG_WARN_OBJC_LITERAL_CONVERSION = YES;
				CLANG_WARN_OBJC_ROOT_CLASS = YES_ERROR;
				CLANG_WARN_QUOTED_INCLUDE_IN_FRAMEWORK_HEADER = YES;
				CLANG_WARN_RANGE_LOOP_ANALYSIS = YES;
				CLANG_WARN_STRICT_PROTOTYPES = YES;
				CLANG_WARN_SUSPICIOUS_MOVE = YES;
				CLANG_WARN_UNGUARDED_AVAILABILITY = YES_AGGRESSIVE;
				CLANG_WARN_UNREACHABLE_CODE = YES;
				CLANG_WARN__DUPLICATE_METHOD_MATCH = YES;
				COPY_PHASE_STRIP = NO;
				DEBUG_INFORMATION_FORMAT = "dwarf-with-dsym";
				ENABLE_NS_ASSERTIONS = NO;
				ENABLE_STRICT_OBJC_MSGSEND = YES;
				GCC_C_LANGUAGE_STANDARD = gnu11;
				GCC_NO_COMMON_BLOCKS = YES;
				GCC_WARN_64_TO_32_BIT_CONVERSION = YES;
				GCC_WARN_ABOUT_RETURN_TYPE = YES_ERROR;
				GCC_WARN_UNDECLARED_SELECTOR = YES;
				GCC_WARN_UNINITIALIZED_AUTOS = YES_AGGRESSIVE;
				GCC_WARN_UNUSED_FUNCTION = YES;
				GCC_WARN_UNUSED_VARIABLE = YES;
				IPHONEOS_DEPLOYMENT_TARGET = 14.5;
				MTL_ENABLE_DEBUG_INFO = NO;
				MTL_FAST_MATH = YES;
				SDKROOT = iphoneos;
				SWIFT_COMPILATION_MODE = wholemodule;
				SWIFT_OPTIMIZATION_LEVEL = "-O";
				VALIDATE_PRODUCT = YES;
			};
			name = Release;
		};
		46300936268D498D004D9C95 /* Debug */ = {
			isa = XCBuildConfiguration;
			baseConfigurationReference = 2D7B3FBBF0727A21C9FD390D /* Pods-Logames.debug.xcconfig */;
			buildSettings = {
				ASSETCATALOG_COMPILER_APPICON_NAME = AppIcon;
				ASSETCATALOG_COMPILER_GLOBAL_ACCENT_COLOR_NAME = AccentColor;
				CODE_SIGN_STYLE = Automatic;
				DEVELOPMENT_TEAM = EUM5NDB3H2;
				INFOPLIST_FILE = Logames/Info.plist;
				LD_RUNPATH_SEARCH_PATHS = (
					"$(inherited)",
					"@executable_path/Frameworks",
				);
				PRODUCT_BUNDLE_IDENTIFIER = com.samuelwong.Logames;
				PRODUCT_NAME = "$(TARGET_NAME)";
				SWIFT_VERSION = 5.0;
				TARGETED_DEVICE_FAMILY = "1,2";
			};
			name = Debug;
		};
		46300937268D498D004D9C95 /* Release */ = {
			isa = XCBuildConfiguration;
			baseConfigurationReference = D17EBC94F5013CD9095511DB /* Pods-Logames.release.xcconfig */;
			buildSettings = {
				ASSETCATALOG_COMPILER_APPICON_NAME = AppIcon;
				ASSETCATALOG_COMPILER_GLOBAL_ACCENT_COLOR_NAME = AccentColor;
				CODE_SIGN_STYLE = Automatic;
				DEVELOPMENT_TEAM = EUM5NDB3H2;
				INFOPLIST_FILE = Logames/Info.plist;
				LD_RUNPATH_SEARCH_PATHS = (
					"$(inherited)",
					"@executable_path/Frameworks",
				);
				PRODUCT_BUNDLE_IDENTIFIER = com.samuelwong.Logames;
				PRODUCT_NAME = "$(TARGET_NAME)";
				SWIFT_VERSION = 5.0;
				TARGETED_DEVICE_FAMILY = "1,2";
			};
			name = Release;
		};
/* End XCBuildConfiguration section */

/* Begin XCConfigurationList section */
		4630091C268D498A004D9C95 /* Build configuration list for PBXProject "Logames" */ = {
			isa = XCConfigurationList;
			buildConfigurations = (
				46300933268D498D004D9C95 /* Debug */,
				46300934268D498D004D9C95 /* Release */,
			);
			defaultConfigurationIsVisible = 0;
			defaultConfigurationName = Release;
		};
		46300935268D498D004D9C95 /* Build configuration list for PBXNativeTarget "Logames" */ = {
			isa = XCConfigurationList;
			buildConfigurations = (
				46300936268D498D004D9C95 /* Debug */,
				46300937268D498D004D9C95 /* Release */,
			);
			defaultConfigurationIsVisible = 0;
			defaultConfigurationName = Release;
		};
/* End XCConfigurationList section */
	};
	rootObject = 46300919268D498A004D9C95 /* Project object */;
}
